// !$*UTF8*$!
{
	archiveVersion = 1;
	classes = {
	};
	objectVersion = 50;
	objects = {

/* Begin PBXBuildFile section */
		D339F17D23E3688000FF7057 /* FlashcardsModel.swift in Sources */ = {isa = PBXBuildFile; fileRef = D339F17C23E3688000FF7057 /* FlashcardsModel.swift */; };
		D339F17F23E36E1200FF7057 /* Default-568h@2x.png in Resources */ = {isa = PBXBuildFile; fileRef = D339F17E23E36E1200FF7057 /* Default-568h@2x.png */; };
		D35E741523DA444C00437AD7 /* AppDelegate.swift in Sources */ = {isa = PBXBuildFile; fileRef = D35E741423DA444C00437AD7 /* AppDelegate.swift */; };
		D35E741723DA444C00437AD7 /* SceneDelegate.swift in Sources */ = {isa = PBXBuildFile; fileRef = D35E741623DA444C00437AD7 /* SceneDelegate.swift */; };
		D35E741923DA444C00437AD7 /* Lab4ViewController.swift in Sources */ = {isa = PBXBuildFile; fileRef = D35E741823DA444C00437AD7 /* Lab4ViewController.swift */; };
		D35E741C23DA444C00437AD7 /* Main.storyboard in Resources */ = {isa = PBXBuildFile; fileRef = D35E741A23DA444C00437AD7 /* Main.storyboard */; };
		D35E741E23DA445000437AD7 /* Assets.xcassets in Resources */ = {isa = PBXBuildFile; fileRef = D35E741D23DA445000437AD7 /* Assets.xcassets */; };
		D35E742123DA445000437AD7 /* LaunchScreen.storyboard in Resources */ = {isa = PBXBuildFile; fileRef = D35E741F23DA445000437AD7 /* LaunchScreen.storyboard */; };
/* End PBXBuildFile section */

/* Begin PBXFileReference section */
		D339F17C23E3688000FF7057 /* FlashcardsModel.swift */ = {isa = PBXFileReference; lastKnownFileType = sourcecode.swift; path = FlashcardsModel.swift; sourceTree = "<group>"; };
		D339F17E23E36E1200FF7057 /* Default-568h@2x.png */ = {isa = PBXFileReference; lastKnownFileType = image.png; path = "Default-568h@2x.png"; sourceTree = "<group>"; };
		D35E741123DA444C00437AD7 /* FlashcardsWithModel.app */ = {isa = PBXFileReference; explicitFileType = wrapper.application; includeInIndex = 0; path = FlashcardsWithModel.app; sourceTree = BUILT_PRODUCTS_DIR; };
		D35E741423DA444C00437AD7 /* AppDelegate.swift */ = {isa = PBXFileReference; lastKnownFileType = sourcecode.swift; path = AppDelegate.swift; sourceTree = "<group>"; };
		D35E741623DA444C00437AD7 /* SceneDelegate.swift */ = {isa = PBXFileReference; lastKnownFileType = sourcecode.swift; path = SceneDelegate.swift; sourceTree = "<group>"; };
		D35E741823DA444C00437AD7 /* Lab4ViewController.swift */ = {isa = PBXFileReference; lastKnownFileType = sourcecode.swift; path = Lab4ViewController.swift; sourceTree = "<group>"; };
		D35E741B23DA444C00437AD7 /* Base */ = {isa = PBXFileReference; lastKnownFileType = file.storyboard; name = Base; path = Base.lproj/Main.storyboard; sourceTree = "<group>"; };
		D35E741D23DA445000437AD7 /* Assets.xcassets */ = {isa = PBXFileReference; lastKnownFileType = folder.assetcatalog; path = Assets.xcassets; sourceTree = "<group>"; };
		D35E742023DA445000437AD7 /* Base */ = {isa = PBXFileReference; lastKnownFileType = file.storyboard; name = Base; path = Base.lproj/LaunchScreen.storyboard; sourceTree = "<group>"; };
		D35E742223DA445000437AD7 /* Info.plist */ = {isa = PBXFileReference; lastKnownFileType = text.plist.xml; path = Info.plist; sourceTree = "<group>"; };
/* End PBXFileReference section */

/* Begin PBXFrameworksBuildPhase section */
		D35E740E23DA444C00437AD7 /* Frameworks */ = {
			isa = PBXFrameworksBuildPhase;
			buildActionMask = 2147483647;
			files = (
			);
			runOnlyForDeploymentPostprocessing = 0;
		};
/* End PBXFrameworksBuildPhase section */

/* Begin PBXGroup section */
		D35E740823DA444C00437AD7 = {
			isa = PBXGroup;
			children = (
				D339F17E23E36E1200FF7057 /* Default-568h@2x.png */,
				D35E741323DA444C00437AD7 /* FlashcardsWithModel */,
				D35E741223DA444C00437AD7 /* Products */,
			);
			sourceTree = "<group>";
		};
		D35E741223DA444C00437AD7 /* Products */ = {
			isa = PBXGroup;
			children = (
				D35E741123DA444C00437AD7 /* FlashcardsWithModel.app */,
			);
			name = Products;
			sourceTree = "<group>";
		};
		D35E741323DA444C00437AD7 /* FlashcardsWithModel */ = {
			isa = PBXGroup;
			children = (
				D35E741423DA444C00437AD7 /* AppDelegate.swift */,
				D35E741623DA444C00437AD7 /* SceneDelegate.swift */,
				D35E741823DA444C00437AD7 /* Lab4ViewController.swift */,
				D35E741A23DA444C00437AD7 /* Main.storyboard */,
				D35E741D23DA445000437AD7 /* Assets.xcassets */,
				D35E741F23DA445000437AD7 /* LaunchScreen.storyboard */,
				D35E742223DA445000437AD7 /* Info.plist */,
				D339F17C23E3688000FF7057 /* FlashcardsModel.swift */,
			);
			path = FlashcardsWithModel;
			sourceTree = "<group>";
		};
/* End PBXGroup section */

/* Begin PBXNativeTarget section */
		D35E741023DA444C00437AD7 /* FlashcardsWithModel */ = {
			isa = PBXNativeTarget;
			buildConfigurationList = D35E742523DA445000437AD7 /* Build configuration list for PBXNativeTarget "FlashcardsWithModel" */;
			buildPhases = (
				D35E740D23DA444C00437AD7 /* Sources */,
				D35E740E23DA444C00437AD7 /* Frameworks */,
				D35E740F23DA444C00437AD7 /* Resources */,
			);
			buildRules = (
			);
			dependencies = (
			);
			name = FlashcardsWithModel;
			productName = Flashcards;
			productReference = D35E741123DA444C00437AD7 /* FlashcardsWithModel.app */;
			productType = "com.apple.product-type.application";
		};
/* End PBXNativeTarget section */

/* Begin PBXProject section */
		D35E740923DA444C00437AD7 /* Project object */ = {
			isa = PBXProject;
			attributes = {
				LastSwiftUpdateCheck = 1130;
				LastUpgradeCheck = 1130;
				ORGANIZATIONNAME = "C323 / Spring2020";
				TargetAttributes = {
					D35E741023DA444C00437AD7 = {
						CreatedOnToolsVersion = 11.3.1;
					};
				};
			};
			buildConfigurationList = D35E740C23DA444C00437AD7 /* Build configuration list for PBXProject "FlashcardsWithModel" */;
			compatibilityVersion = "Xcode 9.3";
			developmentRegion = en;
			hasScannedForEncodings = 0;
			knownRegions = (
				en,
				Base,
			);
			mainGroup = D35E740823DA444C00437AD7;
			productRefGroup = D35E741223DA444C00437AD7 /* Products */;
			projectDirPath = "";
			projectRoot = "";
			targets = (
				D35E741023DA444C00437AD7 /* FlashcardsWithModel */,
			);
		};
/* End PBXProject section */

/* Begin PBXResourcesBuildPhase section */
		D35E740F23DA444C00437AD7 /* Resources */ = {
			isa = PBXResourcesBuildPhase;
			buildActionMask = 2147483647;
			files = (
				D35E742123DA445000437AD7 /* LaunchScreen.storyboard in Resources */,
				D339F17F23E36E1200FF7057 /* Default-568h@2x.png in Resources */,
				D35E741E23DA445000437AD7 /* Assets.xcassets in Resources */,
				D35E741C23DA444C00437AD7 /* Main.storyboard in Resources */,
			);
			runOnlyForDeploymentPostprocessing = 0;
		};
/* End PBXResourcesBuildPhase section */

/* Begin PBXSourcesBuildPhase section */
		D35E740D23DA444C00437AD7 /* Sources */ = {
			isa = PBXSourcesBuildPhase;
			buildActionMask = 2147483647;
			files = (
				D339F17D23E3688000FF7057 /* FlashcardsModel.swift in Sources */,
				D35E741923DA444C00437AD7 /* Lab4ViewController.swift in Sources */,
				D35E741523DA444C00437AD7 /* AppDelegate.swift in Sources */,
				D35E741723DA444C00437AD7 /* SceneDelegate.swift in Sources */,
			);
			runOnlyForDeploymentPostprocessing = 0;
		};
/* End PBXSourcesBuildPhase section */

/* Begin PBXVariantGroup section */
		D35E741A23DA444C00437AD7 /* Main.storyboard */ = {
			isa = PBXVariantGroup;
			children = (
				D35E741B23DA444C00437AD7 /* Base */,
			);
			name = Main.storyboard;
			sourceTree = "<group>";
		};
		D35E741F23DA445000437AD7 /* LaunchScreen.storyboard */ = {
			isa = PBXVariantGroup;
			children = (
				D35E742023DA445000437AD7 /* Base */,
			);
			name = LaunchScreen.storyboard;
			sourceTree = "<group>";
		};
/* End PBXVariantGroup section */

/* Begin XCBuildConfiguration section */
		D35E742323DA445000437AD7 /* Debug */ = {
			isa = XCBuildConfiguration;
			buildSettings = {
				ALWAYS_SEARCH_USER_PATHS = NO;
				CLANG_ANALYZER_NONNULL = YES;
				CLANG_ANALYZER_NUMBER_OBJECT_CONVERSION = YES_AGGRESSIVE;
				CLANG_CXX_LANGUAGE_STANDARD = "gnu++14";
				CLANG_CXX_LIBRARY = "libc++";
				CLANG_ENABLE_MODULES = YES;
				CLANG_ENABLE_OBJC_ARC = YES;
				CLANG_ENABLE_OBJC_WEAK = YES;
				CLANG_WARN_BLOCK_CAPTURE_AUTORELEASING = YES;
				CLANG_WARN_BOOL_CONVERSION = YES;
				CLANG_WARN_COMMA = YES;
				CLANG_WARN_CONSTANT_CONVERSION = YES;
				CLANG_WARN_DEPRECATED_OBJC_IMPLEMENTATIONS = YES;
				CLANG_WARN_DIRECT_OBJC_ISA_USAGE = YES_ERROR;
				CLANG_WARN_DOCUMENTATION_COMMENTS = YES;
				CLANG_WARN_EMPTY_BODY = YES;
				CLANG_WARN_ENUM_CONVERSION = YES;
				CLANG_WARN_INFINITE_RECURSION = YES;
				CLANG_WARN_INT_CONVERSION = YES;
				CLANG_WARN_NON_LITERAL_NULL_CONVERSION = YES;
				CLANG_WARN_OBJC_IMPLICIT_RETAIN_SELF = YES;
				CLANG_WARN_OBJC_LITERAL_CONVERSION = YES;
				CLANG_WARN_OBJC_ROOT_CLASS = YES_ERROR;
				CLANG_WARN_RANGE_LOOP_ANALYSIS = YES;
				CLANG_WARN_STRICT_PROTOTYPES = YES;
				CLANG_WARN_SUSPICIOUS_MOVE = YES;
				CLANG_WARN_UNGUARDED_AVAILABILITY = YES_AGGRESSIVE;
				CLANG_WARN_UNREACHABLE_CODE = YES;
				CLANG_WARN__DUPLICATE_METHOD_MATCH = YES;
				COPY_PHASE_STRIP = NO;
				DEBUG_INFORMATION_FORMAT = dwarf;
				ENABLE_STRICT_OBJC_MSGSEND = YES;
				ENABLE_TESTABILITY = YES;
				GCC_C_LANGUAGE_STANDARD = gnu11;
				GCC_DYNAMIC_NO_PIC = NO;
				GCC_NO_COMMON_BLOCKS = YES;
				GCC_OPTIMIZATION_LEVEL = 0;
				GCC_PREPROCESSOR_DEFINITIONS = (
					"DEBUG=1",
					"$(inherited)",
				);
				GCC_WARN_64_TO_32_BIT_CONVERSION = YES;
				GCC_WARN_ABOUT_RETURN_TYPE = YES_ERROR;
				GCC_WARN_UNDECLARED_SELECTOR = YES;
				GCC_WARN_UNINITIALIZED_AUTOS = YES_AGGRESSIVE;
				GCC_WARN_UNUSED_FUNCTION = YES;
				GCC_WARN_UNUSED_VARIABLE = YES;
				IPHONEOS_DEPLOYMENT_TARGET = 13.2;
				MTL_ENABLE_DEBUG_INFO = INCLUDE_SOURCE;
				MTL_FAST_MATH = YES;
				ONLY_ACTIVE_ARCH = YES;
				SDKROOT = iphoneos;
				SWIFT_ACTIVE_COMPILATION_CONDITIONS = DEBUG;
				SWIFT_OPTIMIZATION_LEVEL = "-Onone";
			};
			name = Debug;
		};
		D35E742423DA445000437AD7 /* Release */ = {
			isa = XCBuildConfiguration;
			buildSettings = {
				ALWAYS_SEARCH_USER_PATHS = NO;
				CLANG_ANALYZER_NONNULL = YES;
				CLANG_ANALYZER_NUMBER_OBJECT_CONVERSION = YES_AGGRESSIVE;
				CLANG_CXX_LANGUAGE_STANDARD = "gnu++14";
				CLANG_CXX_LIBRARY = "libc++";
				CLANG_ENABLE_MODULES = YES;
				CLANG_ENABLE_OBJC_ARC = YES;
				CLANG_ENABLE_OBJC_WEAK = YES;
				CLANG_WARN_BLOCK_CAPTURE_AUTORELEASING = YES;
				CLANG_WARN_BOOL_CONVERSION = YES;
				CLANG_WARN_COMMA = YES;
				CLANG_WARN_CONSTANT_CONVERSION = YES;
				CLANG_WARN_DEPRECATED_OBJC_IMPLEMENTATIONS = YES;
				CLANG_WARN_DIRECT_OBJC_ISA_USAGE = YES_ERROR;
				CLANG_WARN_DOCUMENTATION_COMMENTS = YES;
				CLANG_WARN_EMPTY_BODY = YES;
				CLANG_WARN_ENUM_CONVERSION = YES;
				CLANG_WARN_INFINITE_RECURSION = YES;
				CLANG_WARN_INT_CONVERSION = YES;
				CLANG_WARN_NON_LITERAL_NULL_CONVERSION = YES;
				CLANG_WARN_OBJC_IMPLICIT_RETAIN_SELF = YES;
				CLANG_WARN_OBJC_LITERAL_CONVERSION = YES;
				CLANG_WARN_OBJC_ROOT_CLASS = YES_ERROR;
				CLANG_WARN_RANGE_LOOP_ANALYSIS = YES;
				CLANG_WARN_STRICT_PROTOTYPES = YES;
				CLANG_WARN_SUSPICIOUS_MOVE = YES;
				CLANG_WARN_UNGUARDED_AVAILABILITY = YES_AGGRESSIVE;
				CLANG_WARN_UNREACHABLE_CODE = YES;
				CLANG_WARN__DUPLICATE_METHOD_MATCH = YES;
				COPY_PHASE_STRIP = NO;
				DEBUG_INFORMATION_FORMAT = "dwarf-with-dsym";
				ENABLE_NS_ASSERTIONS = NO;
				ENABLE_STRICT_OBJC_MSGSEND = YES;
				GCC_C_LANGUAGE_STANDARD = gnu11;
				GCC_NO_COMMON_BLOCKS = YES;
				GCC_WARN_64_TO_32_BIT_CONVERSION = YES;
				GCC_WARN_ABOUT_RETURN_TYPE = YES_ERROR;
				GCC_WARN_UNDECLARED_SELECTOR = YES;
				GCC_WARN_UNINITIALIZED_AUTOS = YES_AGGRESSIVE;
				GCC_WARN_UNUSED_FUNCTION = YES;
				GCC_WARN_UNUSED_VARIABLE = YES;
				IPHONEOS_DEPLOYMENT_TARGET = 13.2;
				MTL_ENABLE_DEBUG_INFO = NO;
				MTL_FAST_MATH = YES;
				SDKROOT = iphoneos;
				SWIFT_COMPILATION_MODE = wholemodule;
				SWIFT_OPTIMIZATION_LEVEL = "-O";
				VALIDATE_PRODUCT = YES;
			};
			name = Release;
		};
		D35E742623DA445000437AD7 /* Debug */ = {
			isa = XCBuildConfiguration;
			buildSettings = {
				ASSETCATALOG_COMPILER_APPICON_NAME = AppIcon;
				CODE_SIGN_STYLE = Automatic;
				INFOPLIST_FILE = FlashcardsWithModel/Info.plist;
				LD_RUNPATH_SEARCH_PATHS = (
					"$(inherited)",
					"@executable_path/Frameworks",
				);
				PRODUCT_BUNDLE_IDENTIFIER = "edu.indiana.cs.c323.c323-jlukin.FlashcardsWithModel";
				PRODUCT_NAME = FlashcardsWithModel;
				SWIFT_VERSION = 5.0;
				TARGETED_DEVICE_FAMILY = "1,2";
			};
			name = Debug;
		};
		D35E742723DA445000437AD7 /* Release */ = {
			isa = XCBuildConfiguration;
			buildSettings = {
				ASSETCATALOG_COMPILER_APPICON_NAME = AppIcon;
				CODE_SIGN_STYLE = Automatic;
				INFOPLIST_FILE = FlashcardsWithModel/Info.plist;
				LD_RUNPATH_SEARCH_PATHS = (
					"$(inherited)",
					"@executable_path/Frameworks",
				);
				PRODUCT_BUNDLE_IDENTIFIER = "edu.indiana.cs.c323.c323-jlukin.FlashcardsWithModel";
				PRODUCT_NAME = FlashcardsWithModel;
				SWIFT_VERSION = 5.0;
				TARGETED_DEVICE_FAMILY = "1,2";
			};
			name = Release;
		};
/* End XCBuildConfiguration section */

/* Begin XCConfigurationList section */
		D35E740C23DA444C00437AD7 /* Build configuration list for PBXProject "FlashcardsWithModel" */ = {
			isa = XCConfigurationList;
			buildConfigurations = (
				D35E742323DA445000437AD7 /* Debug */,
				D35E742423DA445000437AD7 /* Release */,
			);
			defaultConfigurationIsVisible = 0;
			defaultConfigurationName = Release;
		};
		D35E742523DA445000437AD7 /* Build configuration list for PBXNativeTarget "FlashcardsWithModel" */ = {
			isa = XCConfigurationList;
			buildConfigurations = (
				D35E742623DA445000437AD7 /* Debug */,
				D35E742723DA445000437AD7 /* Release */,
			);
			defaultConfigurationIsVisible = 0;
			defaultConfigurationName = Release;
		};
/* End XCConfigurationList section */
	};
	rootObject = D35E740923DA444C00437AD7 /* Project object */;
}
